
Microsoft Visual Studio Solution File, Format Version 12.00
# Visual Studio Version 16
VisualStudioVersion = 16.0.32106.194
MinimumVisualStudioVersion = 10.0.40219.1
Project("{9A19103F-16F7-4668-BE54-9A1E7A4F7556}") = "Journeyman.Services", "Journeyman.Services\Journeyman.Services.csproj", "{7F0B7278-E4D3-47A4-9F2D-F25D526B7592}"
EndProject
Project("{9A19103F-16F7-4668-BE54-9A1E7A4F7556}") = "Journeyman.App", "Journeyman.App\Journeyman.App.csproj", "{68C2A465-A56A-42B2-BC00-7BCE60C7F918}"
EndProject
Project("{2150E333-8FDC-42A3-9474-1A3956D46DE8}") = "Microservices", "Microservices", "{465F386C-9DA2-4AF2-BC57-B32FF0B3366B}"
EndProject
Project("{9A19103F-16F7-4668-BE54-9A1E7A4F7556}") = "Journeyman.Persons.Micro", "Journeyman.Persons.Micro\Journeyman.Persons.Micro.csproj", "{8AB2B9AC-C089-4CB6-A259-11E19753C083}"
EndProject
Project("{9A19103F-16F7-4668-BE54-9A1E7A4F7556}") = "Journeyman.Chats.Micro", "Journeyman.Chats.Micro\Journeyman.Chats.Micro.csproj", "{F9DC73E1-AE16-4E9B-88DC-47F2D99D1B3C}"
EndProject
Project("{2150E333-8FDC-42A3-9474-1A3956D46DE8}") = "Message Broker", "Message Broker", "{C0B3026F-0278-483A-A112-43F8A6DCD439}"
EndProject
Project("{9A19103F-16F7-4668-BE54-9A1E7A4F7556}") = "MessageBroker.Kafka", "MessageBrocker.Kafka\MessageBroker.Kafka.csproj", "{52877963-9040-41C3-B534-45ADBD9806B3}"
EndProject
Global
	GlobalSection(SolutionConfigurationPlatforms) = preSolution
		Debug|Any CPU = Debug|Any CPU
		Release|Any CPU = Release|Any CPU
	EndGlobalSection
	GlobalSection(ProjectConfigurationPlatforms) = postSolution
		{7F0B7278-E4D3-47A4-9F2D-F25D526B7592}.Debug|Any CPU.ActiveCfg = Debug|Any CPU
		{7F0B7278-E4D3-47A4-9F2D-F25D526B7592}.Debug|Any CPU.Build.0 = Debug|Any CPU
		{7F0B7278-E4D3-47A4-9F2D-F25D526B7592}.Release|Any CPU.ActiveCfg = Release|Any CPU
		{7F0B7278-E4D3-47A4-9F2D-F25D526B7592}.Release|Any CPU.Build.0 = Release|Any CPU
		{68C2A465-A56A-42B2-BC00-7BCE60C7F918}.Debug|Any CPU.ActiveCfg = Debug|Any CPU
		{68C2A465-A56A-42B2-BC00-7BCE60C7F918}.Debug|Any CPU.Build.0 = Debug|Any CPU
		{68C2A465-A56A-42B2-BC00-7BCE60C7F918}.Release|Any CPU.ActiveCfg = Release|Any CPU
		{68C2A465-A56A-42B2-BC00-7BCE60C7F918}.Release|Any CPU.Build.0 = Release|Any CPU
		{8AB2B9AC-C089-4CB6-A259-11E19753C083}.Debug|Any CPU.ActiveCfg = Debug|Any CPU
		{8AB2B9AC-C089-4CB6-A259-11E19753C083}.Debug|Any CPU.Build.0 = Debug|Any CPU
		{8AB2B9AC-C089-4CB6-A259-11E19753C083}.Release|Any CPU.ActiveCfg = Release|Any CPU
		{8AB2B9AC-C089-4CB6-A259-11E19753C083}.Release|Any CPU.Build.0 = Release|Any CPU
		{F9DC73E1-AE16-4E9B-88DC-47F2D99D1B3C}.Debug|Any CPU.ActiveCfg = Debug|Any CPU
		{F9DC73E1-AE16-4E9B-88DC-47F2D99D1B3C}.Debug|Any CPU.Build.0 = Debug|Any CPU
		{F9DC73E1-AE16-4E9B-88DC-47F2D99D1B3C}.Release|Any CPU.ActiveCfg = Release|Any CPU
		{F9DC73E1-AE16-4E9B-88DC-47F2D99D1B3C}.Release|Any CPU.Build.0 = Release|Any CPU
		{52877963-9040-41C3-B534-45ADBD9806B3}.Debug|Any CPU.ActiveCfg = Debug|Any CPU
		{52877963-9040-41C3-B534-45ADBD9806B3}.Debug|Any CPU.Build.0 = Debug|Any CPU
		{52877963-9040-41C3-B534-45ADBD9806B3}.Release|Any CPU.ActiveCfg = Release|Any CPU
		{52877963-9040-41C3-B534-45ADBD9806B3}.Release|Any CPU.Build.0 = Release|Any CPU
	EndGlobalSection
	GlobalSection(SolutionProperties) = preSolution
		HideSolutionNode = FALSE
	EndGlobalSection
	GlobalSection(NestedProjects) = preSolution
		{8AB2B9AC-C089-4CB6-A259-11E19753C083} = {465F386C-9DA2-4AF2-BC57-B32FF0B3366B}
		{F9DC73E1-AE16-4E9B-88DC-47F2D99D1B3C} = {465F386C-9DA2-4AF2-BC57-B32FF0B3366B}
		{52877963-9040-41C3-B534-45ADBD9806B3} = {C0B3026F-0278-483A-A112-43F8A6DCD439}
	EndGlobalSection
	GlobalSection(ExtensibilityGlobals) = postSolution
		SolutionGuid = {BA373496-22AE-4FCE-A68C-0769955F96BD}
	EndGlobalSection
EndGlobal
